// !$*UTF8*$!
{
	archiveVersion = 1;
	classes = {
	};
	objectVersion = 46;
	objects = {

/* Begin PBXBuildFile section */
		DCAB76551AD3011E004A2CD9 /* main.m in Sources */ = {isa = PBXBuildFile; fileRef = DCAB76541AD3011E004A2CD9 /* main.m */; };
		DCAB76581AD3011E004A2CD9 /* AppDelegate.m in Sources */ = {isa = PBXBuildFile; fileRef = DCAB76571AD3011E004A2CD9 /* AppDelegate.m */; };
		DCAB765B1AD3011E004A2CD9 /* ViewController.m in Sources */ = {isa = PBXBuildFile; fileRef = DCAB765A1AD3011E004A2CD9 /* ViewController.m */; };
		DCAB765E1AD3011E004A2CD9 /* Main.storyboard in Resources */ = {isa = PBXBuildFile; fileRef = DCAB765C1AD3011E004A2CD9 /* Main.storyboard */; };
		DCAB76601AD3011E004A2CD9 /* Images.xcassets in Resources */ = {isa = PBXBuildFile; fileRef = DCAB765F1AD3011E004A2CD9 /* Images.xcassets */; };
		DCAB76631AD3011E004A2CD9 /* LaunchScreen.xib in Resources */ = {isa = PBXBuildFile; fileRef = DCAB76611AD3011E004A2CD9 /* LaunchScreen.xib */; };
		DCAB766F1AD3011E004A2CD9 /* Passes_for_PassesTests.m in Sources */ = {isa = PBXBuildFile; fileRef = DCAB766E1AD3011E004A2CD9 /* Passes_for_PassesTests.m */; };
/* End PBXBuildFile section */

/* Begin PBXContainerItemProxy section */
		DCAB76691AD3011E004A2CD9 /* PBXContainerItemProxy */ = {
			isa = PBXContainerItemProxy;
			containerPortal = DCAB76471AD3011E004A2CD9 /* Project object */;
			proxyType = 1;
			remoteGlobalIDString = DCAB764E1AD3011E004A2CD9;
			remoteInfo = "Passes for Passes";
		};
/* End PBXContainerItemProxy section */

/* Begin PBXFileReference section */
		DCAB764F1AD3011E004A2CD9 /* Passes for Passes.app */ = {isa = PBXFileReference; explicitFileType = wrapper.application; includeInIndex = 0; path = "Passes for Passes.app"; sourceTree = BUILT_PRODUCTS_DIR; };
		DCAB76531AD3011E004A2CD9 /* Info.plist */ = {isa = PBXFileReference; lastKnownFileType = text.plist.xml; path = Info.plist; sourceTree = "<group>"; };
		DCAB76541AD3011E004A2CD9 /* main.m */ = {isa = PBXFileReference; lastKnownFileType = sourcecode.c.objc; path = main.m; sourceTree = "<group>"; };
		DCAB76561AD3011E004A2CD9 /* AppDelegate.h */ = {isa = PBXFileReference; lastKnownFileType = sourcecode.c.h; path = AppDelegate.h; sourceTree = "<group>"; };
		DCAB76571AD3011E004A2CD9 /* AppDelegate.m */ = {isa = PBXFileReference; lastKnownFileType = sourcecode.c.objc; path = AppDelegate.m; sourceTree = "<group>"; };
		DCAB76591AD3011E004A2CD9 /* ViewController.h */ = {isa = PBXFileReference; lastKnownFileType = sourcecode.c.h; path = ViewController.h; sourceTree = "<group>"; };
		DCAB765A1AD3011E004A2CD9 /* ViewController.m */ = {isa = PBXFileReference; lastKnownFileType = sourcecode.c.objc; path = ViewController.m; sourceTree = "<group>"; };
		DCAB765D1AD3011E004A2CD9 /* Base */ = {isa = PBXFileReference; lastKnownFileType = file.storyboard; name = Base; path = Base.lproj/Main.storyboard; sourceTree = "<group>"; };
		DCAB765F1AD3011E004A2CD9 /* Images.xcassets */ = {isa = PBXFileReference; lastKnownFileType = folder.assetcatalog; path = Images.xcassets; sourceTree = "<group>"; };
		DCAB76621AD3011E004A2CD9 /* Base */ = {isa = PBXFileReference; lastKnownFileType = file.xib; name = Base; path = Base.lproj/LaunchScreen.xib; sourceTree = "<group>"; };
		DCAB76681AD3011E004A2CD9 /* Passes for PassesTests.xctest */ = {isa = PBXFileReference; explicitFileType = wrapper.cfbundle; includeInIndex = 0; path = "Passes for PassesTests.xctest"; sourceTree = BUILT_PRODUCTS_DIR; };
		DCAB766D1AD3011E004A2CD9 /* Info.plist */ = {isa = PBXFileReference; lastKnownFileType = text.plist.xml; path = Info.plist; sourceTree = "<group>"; };
		DCAB766E1AD3011E004A2CD9 /* Passes_for_PassesTests.m */ = {isa = PBXFileReference; lastKnownFileType = sourcecode.c.objc; path = Passes_for_PassesTests.m; sourceTree = "<group>"; };
/* End PBXFileReference section */

/* Begin PBXFrameworksBuildPhase section */
		DCAB764C1AD3011E004A2CD9 /* Frameworks */ = {
			isa = PBXFrameworksBuildPhase;
			buildActionMask = 2147483647;
			files = (
			);
			runOnlyForDeploymentPostprocessing = 0;
		};
		DCAB76651AD3011E004A2CD9 /* Frameworks */ = {
			isa = PBXFrameworksBuildPhase;
			buildActionMask = 2147483647;
			files = (
			);
			runOnlyForDeploymentPostprocessing = 0;
		};
/* End PBXFrameworksBuildPhase section */

/* Begin PBXGroup section */
		DCAB76461AD3011E004A2CD9 = {
			isa = PBXGroup;
			children = (
				DCAB76511AD3011E004A2CD9 /* Passes for Passes */,
				DCAB766B1AD3011E004A2CD9 /* Passes for PassesTests */,
				DCAB76501AD3011E004A2CD9 /* Products */,
			);
			sourceTree = "<group>";
		};
		DCAB76501AD3011E004A2CD9 /* Products */ = {
			isa = PBXGroup;
			children = (
				DCAB764F1AD3011E004A2CD9 /* Passes for Passes.app */,
				DCAB76681AD3011E004A2CD9 /* Passes for PassesTests.xctest */,
			);
			name = Products;
			sourceTree = "<group>";
		};
		DCAB76511AD3011E004A2CD9 /* Passes for Passes */ = {
			isa = PBXGroup;
			children = (
				DCAB76561AD3011E004A2CD9 /* AppDelegate.h */,
				DCAB76571AD3011E004A2CD9 /* AppDelegate.m */,
				DCAB76591AD3011E004A2CD9 /* ViewController.h */,
				DCAB765A1AD3011E004A2CD9 /* ViewController.m */,
				DCAB765C1AD3011E004A2CD9 /* Main.storyboard */,
				DCAB765F1AD3011E004A2CD9 /* Images.xcassets */,
				DCAB76611AD3011E004A2CD9 /* LaunchScreen.xib */,
				DCAB76521AD3011E004A2CD9 /* Supporting Files */,
			);
			path = "Passes for Passes";
			sourceTree = "<group>";
		};
		DCAB76521AD3011E004A2CD9 /* Supporting Files */ = {
			isa = PBXGroup;
			children = (
				DCAB76531AD3011E004A2CD9 /* Info.plist */,
				DCAB76541AD3011E004A2CD9 /* main.m */,
			);
			name = "Supporting Files";
			sourceTree = "<group>";
		};
		DCAB766B1AD3011E004A2CD9 /* Passes for PassesTests */ = {
			isa = PBXGroup;
			children = (
				DCAB766E1AD3011E004A2CD9 /* Passes_for_PassesTests.m */,
				DCAB766C1AD3011E004A2CD9 /* Supporting Files */,
			);
			path = "Passes for PassesTests";
			sourceTree = "<group>";
		};
		DCAB766C1AD3011E004A2CD9 /* Supporting Files */ = {
			isa = PBXGroup;
			children = (
				DCAB766D1AD3011E004A2CD9 /* Info.plist */,
			);
			name = "Supporting Files";
			sourceTree = "<group>";
		};
/* End PBXGroup section */

/* Begin PBXNativeTarget section */
		DCAB764E1AD3011E004A2CD9 /* Passes for Passes */ = {
			isa = PBXNativeTarget;
			buildConfigurationList = DCAB76721AD3011E004A2CD9 /* Build configuration list for PBXNativeTarget "Passes for Passes" */;
			buildPhases = (
				DCAB764B1AD3011E004A2CD9 /* Sources */,
				DCAB764C1AD3011E004A2CD9 /* Frameworks */,
				DCAB764D1AD3011E004A2CD9 /* Resources */,
			);
			buildRules = (
			);
			dependencies = (
			);
			name = "Passes for Passes";
			productName = "Passes for Passes";
			productReference = DCAB764F1AD3011E004A2CD9 /* Passes for Passes.app */;
			productType = "com.apple.product-type.application";
		};
		DCAB76671AD3011E004A2CD9 /* Passes for PassesTests */ = {
			isa = PBXNativeTarget;
			buildConfigurationList = DCAB76751AD3011E004A2CD9 /* Build configuration list for PBXNativeTarget "Passes for PassesTests" */;
			buildPhases = (
				DCAB76641AD3011E004A2CD9 /* Sources */,
				DCAB76651AD3011E004A2CD9 /* Frameworks */,
				DCAB76661AD3011E004A2CD9 /* Resources */,
			);
			buildRules = (
			);
			dependencies = (
				DCAB766A1AD3011E004A2CD9 /* PBXTargetDependency */,
			);
			name = "Passes for PassesTests";
			productName = "Passes for PassesTests";
			productReference = DCAB76681AD3011E004A2CD9 /* Passes for PassesTests.xctest */;
			productType = "com.apple.product-type.bundle.unit-test";
		};
/* End PBXNativeTarget section */

/* Begin PBXProject section */
		DCAB76471AD3011E004A2CD9 /* Project object */ = {
			isa = PBXProject;
			attributes = {
				LastUpgradeCheck = 0620;
				ORGANIZATIONNAME = P4P;
				TargetAttributes = {
					DCAB764E1AD3011E004A2CD9 = {
						CreatedOnToolsVersion = 6.2;
					};
					DCAB76671AD3011E004A2CD9 = {
						CreatedOnToolsVersion = 6.2;
						TestTargetID = DCAB764E1AD3011E004A2CD9;
					};
				};
			};
			buildConfigurationList = DCAB764A1AD3011E004A2CD9 /* Build configuration list for PBXProject "Passes for Passes" */;
			compatibilityVersion = "Xcode 3.2";
			developmentRegion = English;
			hasScannedForEncodings = 0;
			knownRegions = (
				en,
				Base,
			);
			mainGroup = DCAB76461AD3011E004A2CD9;
			productRefGroup = DCAB76501AD3011E004A2CD9 /* Products */;
			projectDirPath = "";
			projectRoot = "";
			targets = (
				DCAB764E1AD3011E004A2CD9 /* Passes for Passes */,
				DCAB76671AD3011E004A2CD9 /* Passes for PassesTests */,
			);
		};
/* End PBXProject section */

/* Begin PBXResourcesBuildPhase section */
		DCAB764D1AD3011E004A2CD9 /* Resources */ = {
			isa = PBXResourcesBuildPhase;
			buildActionMask = 2147483647;
			files = (
				DCAB765E1AD3011E004A2CD9 /* Main.storyboard in Resources */,
				DCAB76631AD3011E004A2CD9 /* LaunchScreen.xib in Resources */,
				DCAB76601AD3011E004A2CD9 /* Images.xcassets in Resources */,
			);
			runOnlyForDeploymentPostprocessing = 0;
		};
		DCAB76661AD3011E004A2CD9 /* Resources */ = {
			isa = PBXResourcesBuildPhase;
			buildActionMask = 2147483647;
			files = (
			);
			runOnlyForDeploymentPostprocessing = 0;
		};
/* End PBXResourcesBuildPhase section */

/* Begin PBXSourcesBuildPhase section */
		DCAB764B1AD3011E004A2CD9 /* Sources */ = {
			isa = PBXSourcesBuildPhase;
			buildActionMask = 2147483647;
			files = (
				DCAB765B1AD3011E004A2CD9 /* ViewController.m in Sources */,
				DCAB76581AD3011E004A2CD9 /* AppDelegate.m in Sources */,
				DCAB76551AD3011E004A2CD9 /* main.m in Sources */,
			);
			runOnlyForDeploymentPostprocessing = 0;
		};
		DCAB76641AD3011E004A2CD9 /* Sources */ = {
			isa = PBXSourcesBuildPhase;
			buildActionMask = 2147483647;
			files = (
				DCAB766F1AD3011E004A2CD9 /* Passes_for_PassesTests.m in Sources */,
			);
			runOnlyForDeploymentPostprocessing = 0;
		};
/* End PBXSourcesBuildPhase section */

/* Begin PBXTargetDependency section */
		DCAB766A1AD3011E004A2CD9 /* PBXTargetDependency */ = {
			isa = PBXTargetDependency;
			target = DCAB764E1AD3011E004A2CD9 /* Passes for Passes */;
			targetProxy = DCAB76691AD3011E004A2CD9 /* PBXContainerItemProxy */;
		};
/* End PBXTargetDependency section */

/* Begin PBXVariantGroup section */
		DCAB765C1AD3011E004A2CD9 /* Main.storyboard */ = {
			isa = PBXVariantGroup;
			children = (
				DCAB765D1AD3011E004A2CD9 /* Base */,
			);
			name = Main.storyboard;
			sourceTree = "<group>";
		};
		DCAB76611AD3011E004A2CD9 /* LaunchScreen.xib */ = {
			isa = PBXVariantGroup;
			children = (
				DCAB76621AD3011E004A2CD9 /* Base */,
			);
			name = LaunchScreen.xib;
			sourceTree = "<group>";
		};
/* End PBXVariantGroup section */

/* Begin XCBuildConfiguration section */
		DCAB76701AD3011E004A2CD9 /* Debug */ = {
			isa = XCBuildConfiguration;
			buildSettings = {
				ALWAYS_SEARCH_USER_PATHS = NO;
				CLANG_CXX_LANGUAGE_STANDARD = "gnu++0x";
				CLANG_CXX_LIBRARY = "libc++";
				CLANG_ENABLE_MODULES = YES;
				CLANG_ENABLE_OBJC_ARC = YES;
				CLANG_WARN_BOOL_CONVERSION = YES;
				CLANG_WARN_CONSTANT_CONVERSION = YES;
				CLANG_WARN_DIRECT_OBJC_ISA_USAGE = YES_ERROR;
				CLANG_WARN_EMPTY_BODY = YES;
				CLANG_WARN_ENUM_CONVERSION = YES;
				CLANG_WARN_INT_CONVERSION = YES;
				CLANG_WARN_OBJC_ROOT_CLASS = YES_ERROR;
				CLANG_WARN_UNREACHABLE_CODE = YES;
				CLANG_WARN__DUPLICATE_METHOD_MATCH = YES;
				"CODE_SIGN_IDENTITY[sdk=iphoneos*]" = "iPhone Developer";
				COPY_PHASE_STRIP = NO;
				ENABLE_STRICT_OBJC_MSGSEND = YES;
				GCC_C_LANGUAGE_STANDARD = gnu99;
				GCC_DYNAMIC_NO_PIC = NO;
				GCC_OPTIMIZATION_LEVEL = 0;
				GCC_PREPROCESSOR_DEFINITIONS = (
					"DEBUG=1",
					"$(inherited)",
				);
				GCC_SYMBOLS_PRIVATE_EXTERN = NO;
				GCC_WARN_64_TO_32_BIT_CONVERSION = YES;
				GCC_WARN_ABOUT_RETURN_TYPE = YES_ERROR;
				GCC_WARN_UNDECLARED_SELECTOR = YES;
				GCC_WARN_UNINITIALIZED_AUTOS = YES_AGGRESSIVE;
				GCC_WARN_UNUSED_FUNCTION = YES;
				GCC_WARN_UNUSED_VARIABLE = YES;
				IPHONEOS_DEPLOYMENT_TARGET = 8.2;
				MTL_ENABLE_DEBUG_INFO = YES;
				ONLY_ACTIVE_ARCH = YES;
				SDKROOT = iphoneos;
			};
			name = Debug;
		};
		DCAB76711AD3011E004A2CD9 /* Release */ = {
			isa = XCBuildConfiguration;
			buildSettings = {
				ALWAYS_SEARCH_USER_PATHS = NO;
				CLANG_CXX_LANGUAGE_STANDARD = "gnu++0x";
				CLANG_CXX_LIBRARY = "libc++";
				CLANG_ENABLE_MODULES = YES;
				CLANG_ENABLE_OBJC_ARC = YES;
				CLANG_WARN_BOOL_CONVERSION = YES;
				CLANG_WARN_CONSTANT_CONVERSION = YES;
				CLANG_WARN_DIRECT_OBJC_ISA_USAGE = YES_ERROR;
				CLANG_WARN_EMPTY_BODY = YES;
				CLANG_WARN_ENUM_CONVERSION = YES;
				CLANG_WARN_INT_CONVERSION = YES;
				CLANG_WARN_OBJC_ROOT_CLASS = YES_ERROR;
				CLANG_WARN_UNREACHABLE_CODE = YES;
				CLANG_WARN__DUPLICATE_METHOD_MATCH = YES;
				"CODE_SIGN_IDENTITY[sdk=iphoneos*]" = "iPhone Developer";
				COPY_PHASE_STRIP = NO;
				ENABLE_NS_ASSERTIONS = NO;
				ENABLE_STRICT_OBJC_MSGSEND = YES;
				GCC_C_LANGUAGE_STANDARD = gnu99;
				GCC_WARN_64_TO_32_BIT_CONVERSION = YES;
				GCC_WARN_ABOUT_RETURN_TYPE = YES_ERROR;
				GCC_WARN_UNDECLARED_SELECTOR = YES;
				GCC_WARN_UNINITIALIZED_AUTOS = YES_AGGRESSIVE;
				GCC_WARN_UNUSED_FUNCTION = YES;
				GCC_WARN_UNUSED_VARIABLE = YES;
				IPHONEOS_DEPLOYMENT_TARGET = 8.2;
				MTL_ENABLE_DEBUG_INFO = NO;
				SDKROOT = iphoneos;
				VALIDATE_PRODUCT = YES;
			};
			name = Release;
		};
		DCAB76731AD3011E004A2CD9 /* Debug */ = {
			isa = XCBuildConfiguration;
			buildSettings = {
				ASSETCATALOG_COMPILER_APPICON_NAME = AppIcon;
				INFOPLIST_FILE = "Passes for Passes/Info.plist";
				LD_RUNPATH_SEARCH_PATHS = "$(inherited) @executable_path/Frameworks";
				PRODUCT_NAME = "$(TARGET_NAME)";
			};
			name = Debug;
		};
		DCAB76741AD3011E004A2CD9 /* Release */ = {
			isa = XCBuildConfiguration;
			buildSettings = {
				ASSETCATALOG_COMPILER_APPICON_NAME = AppIcon;
				INFOPLIST_FILE = "Passes for Passes/Info.plist";
				LD_RUNPATH_SEARCH_PATHS = "$(inherited) @executable_path/Frameworks";
				PRODUCT_NAME = "$(TARGET_NAME)";
			};
			name = Release;
		};
		DCAB76761AD3011E004A2CD9 /* Debug */ = {
			isa = XCBuildConfiguration;
			buildSettings = {
				BUNDLE_LOADER = "$(TEST_HOST)";
				FRAMEWORK_SEARCH_PATHS = (
					"$(SDKROOT)/Developer/Library/Frameworks",
					"$(inherited)",
				);
				GCC_PREPROCESSOR_DEFINITIONS = (
					"DEBUG=1",
					"$(inherited)",
				);
				INFOPLIST_FILE = "Passes for PassesTests/Info.plist";
				LD_RUNPATH_SEARCH_PATHS = "$(inherited) @executable_path/Frameworks @loader_path/Frameworks";
				PRODUCT_NAME = "$(TARGET_NAME)";
				TEST_HOST = "$(BUILT_PRODUCTS_DIR)/Passes for Passes.app/Passes for Passes";
			};
			name = Debug;
		};
		DCAB76771AD3011E004A2CD9 /* Release */ = {
			isa = XCBuildConfiguration;
			buildSettings = {
				BUNDLE_LOADER = "$(TEST_HOST)";
				FRAMEWORK_SEARCH_PATHS = (
					"$(SDKROOT)/Developer/Library/Frameworks",
					"$(inherited)",
				);
				INFOPLIST_FILE = "Passes for PassesTests/Info.plist";
				LD_RUNPATH_SEARCH_PATHS = "$(inherited) @executable_path/Frameworks @loader_path/Frameworks";
				PRODUCT_NAME = "$(TARGET_NAME)";
				TEST_HOST = "$(BUILT_PRODUCTS_DIR)/Passes for Passes.app/Passes for Passes";
			};
			name = Release;
		};
/* End XCBuildConfiguration section */

/* Begin XCConfigurationList section */
		DCAB764A1AD3011E004A2CD9 /* Build configuration list for PBXProject "Passes for Passes" */ = {
			isa = XCConfigurationList;
			buildConfigurations = (
				DCAB76701AD3011E004A2CD9 /* Debug */,
				DCAB76711AD3011E004A2CD9 /* Release */,
			);
			defaultConfigurationIsVisible = 0;
			defaultConfigurationName = Release;
		};
		DCAB76721AD3011E004A2CD9 /* Build configuration list for PBXNativeTarget "Passes for Passes" */ = {
			isa = XCConfigurationList;
			buildConfigurations = (
				DCAB76731AD3011E004A2CD9 /* Debug */,
				DCAB76741AD3011E004A2CD9 /* Release */,
			);
			defaultConfigurationIsVisible = 0;
		};
		DCAB76751AD3011E004A2CD9 /* Build configuration list for PBXNativeTarget "Passes for PassesTests" */ = {
			isa = XCConfigurationList;
			buildConfigurations = (
				DCAB76761AD3011E004A2CD9 /* Debug */,
				DCAB76771AD3011E004A2CD9 /* Release */,
			);
			defaultConfigurationIsVisible = 0;
		};
/* End XCConfigurationList section */
	};
	rootObject = DCAB76471AD3011E004A2CD9 /* Project object */;
}
